
Microsoft Visual Studio Solution File, Format Version 12.00
# Visual Studio 15
Project("{FAE04EC0-301F-11D3-BF4B-00C04F79EFBC}") = "Assembly-CSharp", "Assembly-CSharp.csproj", "{D8D4D8C5-B74E-F8A0-16CF-177F1702612D}"
EndProject
Project("{FAE04EC0-301F-11D3-BF4B-00C04F79EFBC}") = "Assembly-CSharp-Editor", "Assembly-CSharp-Editor.csproj", "{A767D8F7-F52A-70BA-7F73-DE94FA39DB67}"
EndProject
Global
	GlobalSection(SolutionConfigurationPlatforms) = preSolution
		Debug|Any CPU = Debug|Any CPU
		Release|Any CPU = Release|Any CPU
	EndGlobalSection
	GlobalSection(ProjectConfigurationPlatforms) = postSolution
		{D8D4D8C5-B74E-F8A0-16CF-177F1702612D}.Debug|Any CPU.ActiveCfg = Debug|Any CPU
		{D8D4D8C5-B74E-F8A0-16CF-177F1702612D}.Debug|Any CPU.Build.0 = Debug|Any CPU
		{D8D4D8C5-B74E-F8A0-16CF-177F1702612D}.Release|Any CPU.ActiveCfg = Release|Any CPU
		{D8D4D8C5-B74E-F8A0-16CF-177F1702612D}.Release|Any CPU.Build.0 = Release|Any CPU
		{A767D8F7-F52A-70BA-7F73-DE94FA39DB67}.Debug|Any CPU.ActiveCfg = Debug|Any CPU
		{A767D8F7-F52A-70BA-7F73-DE94FA39DB67}.Debug|Any CPU.Build.0 = Debug|Any CPU
		{A767D8F7-F52A-70BA-7F73-DE94FA39DB67}.Release|Any CPU.ActiveCfg = Release|Any CPU
		{A767D8F7-F52A-70BA-7F73-DE94FA39DB67}.Release|Any CPU.Build.0 = Release|Any CPU
	EndGlobalSection
	GlobalSection(SolutionProperties) = preSolution
		HideSolutionNode = FALSE
	EndGlobalSection
EndGlobal
